
Microsoft Visual Studio Solution File, Format Version 12.00
# Visual Studio Version 16
VisualStudioVersion = 16.0.30523.141
MinimumVisualStudioVersion = 10.0.40219.1
Project("{E24C65DC-7377-472B-9ABA-BC803B73C61A}") = "Project5", "Project5\", "{D84F27B3-F1AC-42CD-835F-C08047FE1D70}"
	ProjectSection(WebsiteProperties) = preProject
		TargetFrameworkMoniker = ".NETFramework,Version%3Dv4.7.2"
		ProjectReferences = "{b3200ddd-b39c-4fe0-a271-8757af04b86d}|EncryptDecryptDll.dll;"
		Debug.AspNetCompiler.VirtualPath = "/localhost_27843"
		Debug.AspNetCompiler.PhysicalPath = "Project5\"
		Debug.AspNetCompiler.TargetPath = "PrecompiledWeb\localhost_27843\"
		Debug.AspNetCompiler.Updateable = "true"
		Debug.AspNetCompiler.ForceOverwrite = "true"
		Debug.AspNetCompiler.FixedNames = "false"
		Debug.AspNetCompiler.Debug = "True"
		Release.AspNetCompiler.VirtualPath = "/localhost_27843"
		Release.AspNetCompiler.PhysicalPath = "Project5\"
		Release.AspNetCompiler.TargetPath = "PrecompiledWeb\localhost_27843\"
		Release.AspNetCompiler.Updateable = "true"
		Release.AspNetCompiler.ForceOverwrite = "true"
		Release.AspNetCompiler.FixedNames = "false"
		Release.AspNetCompiler.Debug = "False"
		VWDPort = "27843"
		SlnRelativePath = "Project5\"
		DefaultWebSiteLanguage = "Visual C#"
	EndProjectSection
EndProject
Project("{FAE04EC0-301F-11D3-BF4B-00C04F79EFBC}") = "EncryptDecryptDll", "EncryptDecryptDll\EncryptDecryptDll.csproj", "{B3200DDD-B39C-4FE0-A271-8757AF04B86D}"
EndProject
Global
	GlobalSection(SolutionConfigurationPlatforms) = preSolution
		Debug|Any CPU = Debug|Any CPU
		Release|Any CPU = Release|Any CPU
	EndGlobalSection
	GlobalSection(ProjectConfigurationPlatforms) = postSolution
		{D84F27B3-F1AC-42CD-835F-C08047FE1D70}.Debug|Any CPU.ActiveCfg = Debug|Any CPU
		{D84F27B3-F1AC-42CD-835F-C08047FE1D70}.Debug|Any CPU.Build.0 = Debug|Any CPU
		{D84F27B3-F1AC-42CD-835F-C08047FE1D70}.Release|Any CPU.ActiveCfg = Debug|Any CPU
		{D84F27B3-F1AC-42CD-835F-C08047FE1D70}.Release|Any CPU.Build.0 = Debug|Any CPU
		{B3200DDD-B39C-4FE0-A271-8757AF04B86D}.Debug|Any CPU.ActiveCfg = Debug|Any CPU
		{B3200DDD-B39C-4FE0-A271-8757AF04B86D}.Debug|Any CPU.Build.0 = Debug|Any CPU
		{B3200DDD-B39C-4FE0-A271-8757AF04B86D}.Release|Any CPU.ActiveCfg = Release|Any CPU
		{B3200DDD-B39C-4FE0-A271-8757AF04B86D}.Release|Any CPU.Build.0 = Release|Any CPU
	EndGlobalSection
	GlobalSection(SolutionProperties) = preSolution
		HideSolutionNode = FALSE
	EndGlobalSection
	GlobalSection(ExtensibilityGlobals) = postSolution
		SolutionGuid = {6FD11152-847B-4B39-8645-98336F898953}
	EndGlobalSection
EndGlobal
